
Microsoft Visual Studio Solution File, Format Version 12.00
# Visual Studio Version 16
VisualStudioVersion = 16.0.31313.79
MinimumVisualStudioVersion = 10.0.40219.1
Project("{FAE04EC0-301F-11D3-BF4B-00C04F79EFBC}") = "CadastroDeSeries", "CadastroDeSeries\CadastroDeSeries.csproj", "{C7528716-1EA8-4CE5-8997-DFBB33D9B5EB}"
EndProject
Global
	GlobalSection(SolutionConfigurationPlatforms) = preSolution
		Debug|Any CPU = Debug|Any CPU
		Release|Any CPU = Release|Any CPU
	EndGlobalSection
	GlobalSection(ProjectConfigurationPlatforms) = postSolution
		{C7528716-1EA8-4CE5-8997-DFBB33D9B5EB}.Debug|Any CPU.ActiveCfg = Debug|Any CPU
		{C7528716-1EA8-4CE5-8997-DFBB33D9B5EB}.Debug|Any CPU.Build.0 = Debug|Any CPU
		{C7528716-1EA8-4CE5-8997-DFBB33D9B5EB}.Release|Any CPU.ActiveCfg = Release|Any CPU
		{C7528716-1EA8-4CE5-8997-DFBB33D9B5EB}.Release|Any CPU.Build.0 = Release|Any CPU
	EndGlobalSection
	GlobalSection(SolutionProperties) = preSolution
		HideSolutionNode = FALSE
	EndGlobalSection
	GlobalSection(ExtensibilityGlobals) = postSolution
		SolutionGuid = {82668744-3676-4782-B64D-98867838249C}
	EndGlobalSection
EndGlobal
